// !$*UTF8*$!
{
	archiveVersion = 1;
	classes = {
	};
	objectVersion = 48;
	objects = {

/* Begin PBXBuildFile section */
		053B0A7F4D83A568F9942D17 /* Pods_AppChallenge_AppChallengeTests.framework in Frameworks */ = {isa = PBXBuildFile; fileRef = 453E15F2D8EF73B442F1EA44 /* Pods_AppChallenge_AppChallengeTests.framework */; };
		0544EFC5AD55EA2AF6CCA2F3 /* Pods_AppChallenge_AppChallengeUITests.framework in Frameworks */ = {isa = PBXBuildFile; fileRef = 71447D363F29A3A315A30E94 /* Pods_AppChallenge_AppChallengeUITests.framework */; };
		864AA3752042FB8100840E62 /* ReviewAddressCell.swift in Sources */ = {isa = PBXBuildFile; fileRef = 864AA3742042FB8100840E62 /* ReviewAddressCell.swift */; };
		864AA3772042FB9000840E62 /* ReviewRatingsCell.swift in Sources */ = {isa = PBXBuildFile; fileRef = 864AA3762042FB9000840E62 /* ReviewRatingsCell.swift */; };
		864AA37B2042FBE000840E62 /* ReviewTextCell.swift in Sources */ = {isa = PBXBuildFile; fileRef = 864AA37A2042FBE000840E62 /* ReviewTextCell.swift */; };
		864AA38120430EDB00840E62 /* TableViewManager.swift in Sources */ = {isa = PBXBuildFile; fileRef = 864AA37F20430EDB00840E62 /* TableViewManager.swift */; };
		864AA38220430EDB00840E62 /* TableViewManagerCache.swift in Sources */ = {isa = PBXBuildFile; fileRef = 864AA38020430EDB00840E62 /* TableViewManagerCache.swift */; };
		864AA3862043336100840E62 /* UIBaseViewController+loading.xib in Resources */ = {isa = PBXBuildFile; fileRef = 864AA3832043336100840E62 /* UIBaseViewController+loading.xib */; };
		864AA3872043336100840E62 /* UIBaseViewController+network.xib in Resources */ = {isa = PBXBuildFile; fileRef = 864AA3842043336100840E62 /* UIBaseViewController+network.xib */; };
		864AA3882043336100840E62 /* UIBaseViewController+exceptions.xib in Resources */ = {isa = PBXBuildFile; fileRef = 864AA3852043336100840E62 /* UIBaseViewController+exceptions.xib */; };
		8667C4EF20417EDC00D8E8A1 /* detail in Resources */ = {isa = PBXBuildFile; fileRef = 8667C4EE20417EDC00D8E8A1 /* detail */; };
		8667C4F2204180BD00D8E8A1 /* CLLocationCoordinate2D+Helpers.swift in Sources */ = {isa = PBXBuildFile; fileRef = 8667C4F1204180BD00D8E8A1 /* CLLocationCoordinate2D+Helpers.swift */; };
		8667C4F42041840300D8E8A1 /* DetailController.swift in Sources */ = {isa = PBXBuildFile; fileRef = 8667C4F32041840300D8E8A1 /* DetailController.swift */; };
		8667C4F820419EB700D8E8A1 /* Review.swift in Sources */ = {isa = PBXBuildFile; fileRef = 8667C4F720419EB700D8E8A1 /* Review.swift */; };
		8667C4FC2041A0B800D8E8A1 /* CardRepair.swift in Sources */ = {isa = PBXBuildFile; fileRef = 8667C4FB2041A0B800D8E8A1 /* CardRepair.swift */; };
		867AF790203F5B3800F30818 /* MainRouterTests.swift in Sources */ = {isa = PBXBuildFile; fileRef = 867AF78F203F5B3800F30818 /* MainRouterTests.swift */; };
		867AF792203F60C200F30818 /* ViewControllerProtocols.swift in Sources */ = {isa = PBXBuildFile; fileRef = 867AF791203F60C200F30818 /* ViewControllerProtocols.swift */; };
		867AF794203F638C00F30818 /* ListingPresenterTests.swift in Sources */ = {isa = PBXBuildFile; fileRef = 867AF793203F638C00F30818 /* ListingPresenterTests.swift */; };
		867AF7A4203F783600F30818 /* UIBaseViewController.swift in Sources */ = {isa = PBXBuildFile; fileRef = 867AF7A3203F783600F30818 /* UIBaseViewController.swift */; };
		867AF7A6203F815400F30818 /* ListingControllerTests.swift in Sources */ = {isa = PBXBuildFile; fileRef = 867AF7A5203F815400F30818 /* ListingControllerTests.swift */; };
		867AF7A8203F83D700F30818 /* Configuration.plist in Resources */ = {isa = PBXBuildFile; fileRef = 867AF7A7203F83D700F30818 /* Configuration.plist */; };
		867AF7AB203F873B00F30818 /* ServiceAPI.swift in Sources */ = {isa = PBXBuildFile; fileRef = 867AF7AA203F873B00F30818 /* ServiceAPI.swift */; };
		867AF7AD203F99D400F30818 /* CairRepairTests.swift in Sources */ = {isa = PBXBuildFile; fileRef = 867AF7AC203F99D400F30818 /* CairRepairTests.swift */; };
		867AF7B2203FA5E300F30818 /* listing in Resources */ = {isa = PBXBuildFile; fileRef = 867AF7B1203FA5E300F30818 /* listing */; };
		8685EAF1203E3BA30038FE64 /* AppDelegate.swift in Sources */ = {isa = PBXBuildFile; fileRef = 8685EAF0203E3BA30038FE64 /* AppDelegate.swift */; };
		8685EAF6203E3BA30038FE64 /* Main.storyboard in Resources */ = {isa = PBXBuildFile; fileRef = 8685EAF4203E3BA30038FE64 /* Main.storyboard */; };
		8685EAF8203E3BA30038FE64 /* Assets.xcassets in Resources */ = {isa = PBXBuildFile; fileRef = 8685EAF7203E3BA30038FE64 /* Assets.xcassets */; };
		8685EAFB203E3BA30038FE64 /* LaunchScreen.storyboard in Resources */ = {isa = PBXBuildFile; fileRef = 8685EAF9203E3BA30038FE64 /* LaunchScreen.storyboard */; };
		8685EB06203E3BA30038FE64 /* AppChallengeTests.swift in Sources */ = {isa = PBXBuildFile; fileRef = 8685EB05203E3BA30038FE64 /* AppChallengeTests.swift */; };
		8685EB11203E3BA30038FE64 /* AppChallengeUITests.swift in Sources */ = {isa = PBXBuildFile; fileRef = 8685EB10203E3BA30038FE64 /* AppChallengeUITests.swift */; };
		86AAE0B1203E411200B11662 /* ListingController.swift in Sources */ = {isa = PBXBuildFile; fileRef = 86AAE0B0203E411200B11662 /* ListingController.swift */; };
		86AAE0B3203E41B200B11662 /* PlacesInteractor.swift in Sources */ = {isa = PBXBuildFile; fileRef = 86AAE0B2203E41B200B11662 /* PlacesInteractor.swift */; };
		86AAE0B5203E41F400B11662 /* ListingPresenter.swift in Sources */ = {isa = PBXBuildFile; fileRef = 86AAE0B4203E41F400B11662 /* ListingPresenter.swift */; };
		86AAE0B7203E420300B11662 /* DetailPresenter.swift in Sources */ = {isa = PBXBuildFile; fileRef = 86AAE0B6203E420300B11662 /* DetailPresenter.swift */; };
		86AAE0B9203E420D00B11662 /* CarRepairCard.swift in Sources */ = {isa = PBXBuildFile; fileRef = 86AAE0B8203E420D00B11662 /* CarRepairCard.swift */; };
		86AAE0BC203E422C00B11662 /* MainRouter.swift in Sources */ = {isa = PBXBuildFile; fileRef = 86AAE0BB203E422C00B11662 /* MainRouter.swift */; };
		86AAE0BE203E43F600B11662 /* SnapshotHelper.swift in Sources */ = {isa = PBXBuildFile; fileRef = 86AAE0BD203E43F600B11662 /* SnapshotHelper.swift */; };
		86AAE0C7203E454A00B11662 /* Appfile in Resources */ = {isa = PBXBuildFile; fileRef = 86AAE0C4203E454A00B11662 /* Appfile */; };
		86AAE0C8203E454A00B11662 /* Fastfile in Resources */ = {isa = PBXBuildFile; fileRef = 86AAE0C5203E454A00B11662 /* Fastfile */; };
		86AAE0C9203E454A00B11662 /* Snapfile in Resources */ = {isa = PBXBuildFile; fileRef = 86AAE0C6203E454A00B11662 /* Snapfile */; };
		86EAB5122041ADA20078594C /* DetailPresenterTests.swift in Sources */ = {isa = PBXBuildFile; fileRef = 86EAB5112041ADA20078594C /* DetailPresenterTests.swift */; };
		86FD3B8520421D070074D58C /* CardCell.swift in Sources */ = {isa = PBXBuildFile; fileRef = 86FD3B8420421D070074D58C /* CardCell.swift */; };
		86FD3B8720422DEF0074D58C /* ListingUITests.swift in Sources */ = {isa = PBXBuildFile; fileRef = 86FD3B8620422DEF0074D58C /* ListingUITests.swift */; };
		FEB2EB773D8E5149C6211737 /* Pods_AppChallenge.framework in Frameworks */ = {isa = PBXBuildFile; fileRef = BB9CDD66E5EE3F226DE5FF15 /* Pods_AppChallenge.framework */; };
/* End PBXBuildFile section */

/* Begin PBXContainerItemProxy section */
		8685EB02203E3BA30038FE64 /* PBXContainerItemProxy */ = {
			isa = PBXContainerItemProxy;
			containerPortal = 8685EAE5203E3BA30038FE64 /* Project object */;
			proxyType = 1;
			remoteGlobalIDString = 8685EAEC203E3BA30038FE64;
			remoteInfo = AppChallenge;
		};
		8685EB0D203E3BA30038FE64 /* PBXContainerItemProxy */ = {
			isa = PBXContainerItemProxy;
			containerPortal = 8685EAE5203E3BA30038FE64 /* Project object */;
			proxyType = 1;
			remoteGlobalIDString = 8685EAEC203E3BA30038FE64;
			remoteInfo = AppChallenge;
		};
/* End PBXContainerItemProxy section */

/* Begin PBXFileReference section */
		03980F9926901A3E8B311411 /* Pods-AppChallenge-AppChallengeUITests.debug.xcconfig */ = {isa = PBXFileReference; includeInIndex = 1; lastKnownFileType = text.xcconfig; name = "Pods-AppChallenge-AppChallengeUITests.debug.xcconfig"; path = "Pods/Target Support Files/Pods-AppChallenge-AppChallengeUITests/Pods-AppChallenge-AppChallengeUITests.debug.xcconfig"; sourceTree = "<group>"; };
		03E825E5B90A45BA19D4E173 /* Pods_AppChallengeTests.framework */ = {isa = PBXFileReference; explicitFileType = wrapper.framework; includeInIndex = 0; path = Pods_AppChallengeTests.framework; sourceTree = BUILT_PRODUCTS_DIR; };
		07D1D676919C402E45747965 /* Pods-AppChallengeTests.debug.xcconfig */ = {isa = PBXFileReference; includeInIndex = 1; lastKnownFileType = text.xcconfig; name = "Pods-AppChallengeTests.debug.xcconfig"; path = "Pods/Target Support Files/Pods-AppChallengeTests/Pods-AppChallengeTests.debug.xcconfig"; sourceTree = "<group>"; };
		3454BE68813028C987C25D7F /* Pods-AppChallenge-AppChallengeTests.debug.xcconfig */ = {isa = PBXFileReference; includeInIndex = 1; lastKnownFileType = text.xcconfig; name = "Pods-AppChallenge-AppChallengeTests.debug.xcconfig"; path = "Pods/Target Support Files/Pods-AppChallenge-AppChallengeTests/Pods-AppChallenge-AppChallengeTests.debug.xcconfig"; sourceTree = "<group>"; };
		3FE0B6D6FFB72628BE223913 /* Pods-AppChallenge.release.xcconfig */ = {isa = PBXFileReference; includeInIndex = 1; lastKnownFileType = text.xcconfig; name = "Pods-AppChallenge.release.xcconfig"; path = "Pods/Target Support Files/Pods-AppChallenge/Pods-AppChallenge.release.xcconfig"; sourceTree = "<group>"; };
		453E15F2D8EF73B442F1EA44 /* Pods_AppChallenge_AppChallengeTests.framework */ = {isa = PBXFileReference; explicitFileType = wrapper.framework; includeInIndex = 0; path = Pods_AppChallenge_AppChallengeTests.framework; sourceTree = BUILT_PRODUCTS_DIR; };
		5308EBF788BBF81B34C026CF /* Pods-AppChallengeUITests.debug.xcconfig */ = {isa = PBXFileReference; includeInIndex = 1; lastKnownFileType = text.xcconfig; name = "Pods-AppChallengeUITests.debug.xcconfig"; path = "Pods/Target Support Files/Pods-AppChallengeUITests/Pods-AppChallengeUITests.debug.xcconfig"; sourceTree = "<group>"; };
		6590D3B889D5D1E1279F6F84 /* Pods-AppChallenge-AppChallengeTests.release.xcconfig */ = {isa = PBXFileReference; includeInIndex = 1; lastKnownFileType = text.xcconfig; name = "Pods-AppChallenge-AppChallengeTests.release.xcconfig"; path = "Pods/Target Support Files/Pods-AppChallenge-AppChallengeTests/Pods-AppChallenge-AppChallengeTests.release.xcconfig"; sourceTree = "<group>"; };
		71447D363F29A3A315A30E94 /* Pods_AppChallenge_AppChallengeUITests.framework */ = {isa = PBXFileReference; explicitFileType = wrapper.framework; includeInIndex = 0; path = Pods_AppChallenge_AppChallengeUITests.framework; sourceTree = BUILT_PRODUCTS_DIR; };
		864AA3742042FB8100840E62 /* ReviewAddressCell.swift */ = {isa = PBXFileReference; lastKnownFileType = sourcecode.swift; path = ReviewAddressCell.swift; sourceTree = "<group>"; };
		864AA3762042FB9000840E62 /* ReviewRatingsCell.swift */ = {isa = PBXFileReference; lastKnownFileType = sourcecode.swift; path = ReviewRatingsCell.swift; sourceTree = "<group>"; };
		864AA37A2042FBE000840E62 /* ReviewTextCell.swift */ = {isa = PBXFileReference; lastKnownFileType = sourcecode.swift; path = ReviewTextCell.swift; sourceTree = "<group>"; };
		864AA37F20430EDB00840E62 /* TableViewManager.swift */ = {isa = PBXFileReference; fileEncoding = 4; lastKnownFileType = sourcecode.swift; path = TableViewManager.swift; sourceTree = "<group>"; };
		864AA38020430EDB00840E62 /* TableViewManagerCache.swift */ = {isa = PBXFileReference; fileEncoding = 4; lastKnownFileType = sourcecode.swift; path = TableViewManagerCache.swift; sourceTree = "<group>"; };
		864AA3832043336100840E62 /* UIBaseViewController+loading.xib */ = {isa = PBXFileReference; fileEncoding = 4; lastKnownFileType = file.xib; path = "UIBaseViewController+loading.xib"; sourceTree = "<group>"; };
		864AA3842043336100840E62 /* UIBaseViewController+network.xib */ = {isa = PBXFileReference; fileEncoding = 4; lastKnownFileType = file.xib; path = "UIBaseViewController+network.xib"; sourceTree = "<group>"; };
		864AA3852043336100840E62 /* UIBaseViewController+exceptions.xib */ = {isa = PBXFileReference; fileEncoding = 4; lastKnownFileType = file.xib; path = "UIBaseViewController+exceptions.xib"; sourceTree = "<group>"; };
		8667C4EE20417EDC00D8E8A1 /* detail */ = {isa = PBXFileReference; explicitFileType = text.json; path = detail; sourceTree = "<group>"; };
		8667C4F1204180BD00D8E8A1 /* CLLocationCoordinate2D+Helpers.swift */ = {isa = PBXFileReference; lastKnownFileType = sourcecode.swift; path = "CLLocationCoordinate2D+Helpers.swift"; sourceTree = "<group>"; };
		8667C4F32041840300D8E8A1 /* DetailController.swift */ = {isa = PBXFileReference; lastKnownFileType = sourcecode.swift; path = DetailController.swift; sourceTree = "<group>"; };
		8667C4F52041894200D8E8A1 /* Debug.xcconfig */ = {isa = PBXFileReference; lastKnownFileType = text.xcconfig; path = Debug.xcconfig; sourceTree = "<group>"; };
		8667C4F62041895300D8E8A1 /* Release.xcconfig */ = {isa = PBXFileReference; lastKnownFileType = text.xcconfig; path = Release.xcconfig; sourceTree = "<group>"; };
		8667C4F720419EB700D8E8A1 /* Review.swift */ = {isa = PBXFileReference; lastKnownFileType = sourcecode.swift; path = Review.swift; sourceTree = "<group>"; };
		8667C4FB2041A0B800D8E8A1 /* CardRepair.swift */ = {isa = PBXFileReference; lastKnownFileType = sourcecode.swift; path = CardRepair.swift; sourceTree = "<group>"; };
		867AF78F203F5B3800F30818 /* MainRouterTests.swift */ = {isa = PBXFileReference; lastKnownFileType = sourcecode.swift; path = MainRouterTests.swift; sourceTree = "<group>"; };
		867AF791203F60C200F30818 /* ViewControllerProtocols.swift */ = {isa = PBXFileReference; lastKnownFileType = sourcecode.swift; path = ViewControllerProtocols.swift; sourceTree = "<group>"; };
		867AF793203F638C00F30818 /* ListingPresenterTests.swift */ = {isa = PBXFileReference; lastKnownFileType = sourcecode.swift; path = ListingPresenterTests.swift; sourceTree = "<group>"; };
		867AF7A3203F783600F30818 /* UIBaseViewController.swift */ = {isa = PBXFileReference; fileEncoding = 4; lastKnownFileType = sourcecode.swift; path = UIBaseViewController.swift; sourceTree = "<group>"; };
		867AF7A5203F815400F30818 /* ListingControllerTests.swift */ = {isa = PBXFileReference; lastKnownFileType = sourcecode.swift; path = ListingControllerTests.swift; sourceTree = "<group>"; };
		867AF7A7203F83D700F30818 /* Configuration.plist */ = {isa = PBXFileReference; lastKnownFileType = text.plist.xml; path = Configuration.plist; sourceTree = "<group>"; };
		867AF7AA203F873B00F30818 /* ServiceAPI.swift */ = {isa = PBXFileReference; lastKnownFileType = sourcecode.swift; path = ServiceAPI.swift; sourceTree = "<group>"; };
		867AF7AC203F99D400F30818 /* CairRepairTests.swift */ = {isa = PBXFileReference; lastKnownFileType = sourcecode.swift; path = CairRepairTests.swift; sourceTree = "<group>"; };
		867AF7B1203FA5E300F30818 /* listing */ = {isa = PBXFileReference; explicitFileType = text.json; path = listing; sourceTree = "<group>"; };
		8685EAED203E3BA30038FE64 /* AppChallenge.app */ = {isa = PBXFileReference; explicitFileType = wrapper.application; includeInIndex = 0; path = AppChallenge.app; sourceTree = BUILT_PRODUCTS_DIR; };
		8685EAF0203E3BA30038FE64 /* AppDelegate.swift */ = {isa = PBXFileReference; lastKnownFileType = sourcecode.swift; path = AppDelegate.swift; sourceTree = "<group>"; };
		8685EAF5203E3BA30038FE64 /* Base */ = {isa = PBXFileReference; lastKnownFileType = file.storyboard; name = Base; path = Base.lproj/Main.storyboard; sourceTree = "<group>"; };
		8685EAF7203E3BA30038FE64 /* Assets.xcassets */ = {isa = PBXFileReference; lastKnownFileType = folder.assetcatalog; path = Assets.xcassets; sourceTree = "<group>"; };
		8685EAFA203E3BA30038FE64 /* Base */ = {isa = PBXFileReference; lastKnownFileType = file.storyboard; name = Base; path = Base.lproj/LaunchScreen.storyboard; sourceTree = "<group>"; };
		8685EAFC203E3BA30038FE64 /* Info.plist */ = {isa = PBXFileReference; lastKnownFileType = text.plist.xml; path = Info.plist; sourceTree = "<group>"; };
		8685EB01203E3BA30038FE64 /* AppChallengeTests.xctest */ = {isa = PBXFileReference; explicitFileType = wrapper.cfbundle; includeInIndex = 0; path = AppChallengeTests.xctest; sourceTree = BUILT_PRODUCTS_DIR; };
		8685EB05203E3BA30038FE64 /* AppChallengeTests.swift */ = {isa = PBXFileReference; lastKnownFileType = sourcecode.swift; path = AppChallengeTests.swift; sourceTree = "<group>"; };
		8685EB07203E3BA30038FE64 /* Info.plist */ = {isa = PBXFileReference; lastKnownFileType = text.plist.xml; path = Info.plist; sourceTree = "<group>"; };
		8685EB0C203E3BA30038FE64 /* AppChallengeUITests.xctest */ = {isa = PBXFileReference; explicitFileType = wrapper.cfbundle; includeInIndex = 0; path = AppChallengeUITests.xctest; sourceTree = BUILT_PRODUCTS_DIR; };
		8685EB10203E3BA30038FE64 /* AppChallengeUITests.swift */ = {isa = PBXFileReference; lastKnownFileType = sourcecode.swift; path = AppChallengeUITests.swift; sourceTree = "<group>"; };
		8685EB12203E3BA30038FE64 /* Info.plist */ = {isa = PBXFileReference; lastKnownFileType = text.plist.xml; path = Info.plist; sourceTree = "<group>"; };
		86AAE0B0203E411200B11662 /* ListingController.swift */ = {isa = PBXFileReference; lastKnownFileType = sourcecode.swift; path = ListingController.swift; sourceTree = "<group>"; };
		86AAE0B2203E41B200B11662 /* PlacesInteractor.swift */ = {isa = PBXFileReference; lastKnownFileType = sourcecode.swift; path = PlacesInteractor.swift; sourceTree = "<group>"; };
		86AAE0B4203E41F400B11662 /* ListingPresenter.swift */ = {isa = PBXFileReference; lastKnownFileType = sourcecode.swift; path = ListingPresenter.swift; sourceTree = "<group>"; };
		86AAE0B6203E420300B11662 /* DetailPresenter.swift */ = {isa = PBXFileReference; lastKnownFileType = sourcecode.swift; path = DetailPresenter.swift; sourceTree = "<group>"; };
		86AAE0B8203E420D00B11662 /* CarRepairCard.swift */ = {isa = PBXFileReference; lastKnownFileType = sourcecode.swift; path = CarRepairCard.swift; sourceTree = "<group>"; };
		86AAE0BB203E422C00B11662 /* MainRouter.swift */ = {isa = PBXFileReference; lastKnownFileType = sourcecode.swift; path = MainRouter.swift; sourceTree = "<group>"; };
		86AAE0BD203E43F600B11662 /* SnapshotHelper.swift */ = {isa = PBXFileReference; fileEncoding = 4; lastKnownFileType = sourcecode.swift; name = SnapshotHelper.swift; path = fastlane/SnapshotHelper.swift; sourceTree = SOURCE_ROOT; };
		86AAE0C4203E454A00B11662 /* Appfile */ = {isa = PBXFileReference; fileEncoding = 4; lastKnownFileType = text; name = Appfile; path = fastlane/Appfile; sourceTree = "<group>"; };
		86AAE0C5203E454A00B11662 /* Fastfile */ = {isa = PBXFileReference; fileEncoding = 4; lastKnownFileType = text; name = Fastfile; path = fastlane/Fastfile; sourceTree = "<group>"; };
		86AAE0C6203E454A00B11662 /* Snapfile */ = {isa = PBXFileReference; fileEncoding = 4; lastKnownFileType = text; name = Snapfile; path = fastlane/Snapfile; sourceTree = "<group>"; };
		86EAB5112041ADA20078594C /* DetailPresenterTests.swift */ = {isa = PBXFileReference; lastKnownFileType = sourcecode.swift; path = DetailPresenterTests.swift; sourceTree = "<group>"; };
		86FD3B8420421D070074D58C /* CardCell.swift */ = {isa = PBXFileReference; lastKnownFileType = sourcecode.swift; path = CardCell.swift; sourceTree = "<group>"; };
		86FD3B8620422DEF0074D58C /* ListingUITests.swift */ = {isa = PBXFileReference; lastKnownFileType = sourcecode.swift; path = ListingUITests.swift; sourceTree = "<group>"; };
		8F859F90E9FB5FF86F09D52C /* Pods-AppChallenge-AppChallengeUITests.release.xcconfig */ = {isa = PBXFileReference; includeInIndex = 1; lastKnownFileType = text.xcconfig; name = "Pods-AppChallenge-AppChallengeUITests.release.xcconfig"; path = "Pods/Target Support Files/Pods-AppChallenge-AppChallengeUITests/Pods-AppChallenge-AppChallengeUITests.release.xcconfig"; sourceTree = "<group>"; };
		99D954A1B59A8826EC530365 /* Pods-AppChallenge.debug.xcconfig */ = {isa = PBXFileReference; includeInIndex = 1; lastKnownFileType = text.xcconfig; name = "Pods-AppChallenge.debug.xcconfig"; path = "Pods/Target Support Files/Pods-AppChallenge/Pods-AppChallenge.debug.xcconfig"; sourceTree = "<group>"; };
		A03E7AF21374951B03355AEA /* Pods-AppChallengeTests.release.xcconfig */ = {isa = PBXFileReference; includeInIndex = 1; lastKnownFileType = text.xcconfig; name = "Pods-AppChallengeTests.release.xcconfig"; path = "Pods/Target Support Files/Pods-AppChallengeTests/Pods-AppChallengeTests.release.xcconfig"; sourceTree = "<group>"; };
		B81CC93A1B0FC4EF056463C8 /* Pods-AppChallengeUITests.release.xcconfig */ = {isa = PBXFileReference; includeInIndex = 1; lastKnownFileType = text.xcconfig; name = "Pods-AppChallengeUITests.release.xcconfig"; path = "Pods/Target Support Files/Pods-AppChallengeUITests/Pods-AppChallengeUITests.release.xcconfig"; sourceTree = "<group>"; };
		BB9CDD66E5EE3F226DE5FF15 /* Pods_AppChallenge.framework */ = {isa = PBXFileReference; explicitFileType = wrapper.framework; includeInIndex = 0; path = Pods_AppChallenge.framework; sourceTree = BUILT_PRODUCTS_DIR; };
		F8033C6B80AFADBF0B6D0E7F /* Pods_AppChallengeUITests.framework */ = {isa = PBXFileReference; explicitFileType = wrapper.framework; includeInIndex = 0; path = Pods_AppChallengeUITests.framework; sourceTree = BUILT_PRODUCTS_DIR; };
/* End PBXFileReference section */

/* Begin PBXFrameworksBuildPhase section */
		8685EAEA203E3BA30038FE64 /* Frameworks */ = {
			isa = PBXFrameworksBuildPhase;
			buildActionMask = 2147483647;
			files = (
				FEB2EB773D8E5149C6211737 /* Pods_AppChallenge.framework in Frameworks */,
			);
			runOnlyForDeploymentPostprocessing = 0;
		};
		8685EAFE203E3BA30038FE64 /* Frameworks */ = {
			isa = PBXFrameworksBuildPhase;
			buildActionMask = 2147483647;
			files = (
				053B0A7F4D83A568F9942D17 /* Pods_AppChallenge_AppChallengeTests.framework in Frameworks */,
			);
			runOnlyForDeploymentPostprocessing = 0;
		};
		8685EB09203E3BA30038FE64 /* Frameworks */ = {
			isa = PBXFrameworksBuildPhase;
			buildActionMask = 2147483647;
			files = (
				0544EFC5AD55EA2AF6CCA2F3 /* Pods_AppChallenge_AppChallengeUITests.framework in Frameworks */,
			);
			runOnlyForDeploymentPostprocessing = 0;
		};
/* End PBXFrameworksBuildPhase section */

/* Begin PBXGroup section */
		4285E5E852EB035D11361572 /* Frameworks */ = {
			isa = PBXGroup;
			children = (
				BB9CDD66E5EE3F226DE5FF15 /* Pods_AppChallenge.framework */,
				03E825E5B90A45BA19D4E173 /* Pods_AppChallengeTests.framework */,
				F8033C6B80AFADBF0B6D0E7F /* Pods_AppChallengeUITests.framework */,
				453E15F2D8EF73B442F1EA44 /* Pods_AppChallenge_AppChallengeTests.framework */,
				71447D363F29A3A315A30E94 /* Pods_AppChallenge_AppChallengeUITests.framework */,
			);
			name = Frameworks;
			sourceTree = "<group>";
		};
		864AA37E20430EBF00840E62 /* TableView */ = {
			isa = PBXGroup;
			children = (
				864AA37F20430EDB00840E62 /* TableViewManager.swift */,
				864AA38020430EDB00840E62 /* TableViewManagerCache.swift */,
			);
			path = TableView;
			sourceTree = "<group>";
		};
		8667C4F02041809C00D8E8A1 /* Extensions */ = {
			isa = PBXGroup;
			children = (
				8667C4F1204180BD00D8E8A1 /* CLLocationCoordinate2D+Helpers.swift */,
			);
			path = Extensions;
			sourceTree = "<group>";
		};
		867AF797203F754F00F30818 /* Components */ = {
			isa = PBXGroup;
			children = (
				864AA37E20430EBF00840E62 /* TableView */,
				86FD3B8320421CE90074D58C /* Cells */,
				8667C4F02041809C00D8E8A1 /* Extensions */,
				867AF7A9203F872A00F30818 /* Service */,
				867AF798203F756500F30818 /* UIBaseViewController */,
			);
			path = Components;
			sourceTree = "<group>";
		};
		867AF798203F756500F30818 /* UIBaseViewController */ = {
			isa = PBXGroup;
			children = (
				867AF7A3203F783600F30818 /* UIBaseViewController.swift */,
				864AA3852043336100840E62 /* UIBaseViewController+exceptions.xib */,
				864AA3832043336100840E62 /* UIBaseViewController+loading.xib */,
				864AA3842043336100840E62 /* UIBaseViewController+network.xib */,
			);
			path = UIBaseViewController;
			sourceTree = "<group>";
		};
		867AF7A9203F872A00F30818 /* Service */ = {
			isa = PBXGroup;
			children = (
				867AF7AA203F873B00F30818 /* ServiceAPI.swift */,
			);
			path = Service;
			sourceTree = "<group>";
		};
		867AF7B0203FA5CD00F30818 /* Resources */ = {
			isa = PBXGroup;
			children = (
				867AF7B1203FA5E300F30818 /* listing */,
				8667C4EE20417EDC00D8E8A1 /* detail */,
				8667C4F52041894200D8E8A1 /* Debug.xcconfig */,
				8667C4F62041895300D8E8A1 /* Release.xcconfig */,
			);
			path = Resources;
			sourceTree = "<group>";
		};
		8685EAE4203E3BA30038FE64 = {
			isa = PBXGroup;
			children = (
				86AAE0C1203E452200B11662 /* Documentation */,
				8685EAEF203E3BA30038FE64 /* AppChallenge */,
				8685EB04203E3BA30038FE64 /* AppChallengeTests */,
				8685EB0F203E3BA30038FE64 /* AppChallengeUITests */,
				8685EAEE203E3BA30038FE64 /* Products */,
				B9CC12575C8D023677159C73 /* Pods */,
				4285E5E852EB035D11361572 /* Frameworks */,
			);
			sourceTree = "<group>";
		};
		8685EAEE203E3BA30038FE64 /* Products */ = {
			isa = PBXGroup;
			children = (
				8685EAED203E3BA30038FE64 /* AppChallenge.app */,
				8685EB01203E3BA30038FE64 /* AppChallengeTests.xctest */,
				8685EB0C203E3BA30038FE64 /* AppChallengeUITests.xctest */,
			);
			name = Products;
			sourceTree = "<group>";
		};
		8685EAEF203E3BA30038FE64 /* AppChallenge */ = {
			isa = PBXGroup;
			children = (
				86AAE0A8203E3F7B00B11662 /* ViewControllers */,
				86AAE0A9203E3F9800B11662 /* Interactors */,
				86AAE0AA203E3FA800B11662 /* Presenters */,
				86AAE0AB203E3FBB00B11662 /* Entities */,
				86AAE0AC203E3FD100B11662 /* Routes */,
				8685EAF7203E3BA30038FE64 /* Assets.xcassets */,
				867AF7B0203FA5CD00F30818 /* Resources */,
				867AF797203F754F00F30818 /* Components */,
				86AAE0AF203E407000B11662 /* ApplicationBase */,
				86AAE0AD203E403500B11662 /* Views */,
			);
			path = AppChallenge;
			sourceTree = "<group>";
		};
		8685EB04203E3BA30038FE64 /* AppChallengeTests */ = {
			isa = PBXGroup;
			children = (
				8685EB07203E3BA30038FE64 /* Info.plist */,
				8685EB05203E3BA30038FE64 /* AppChallengeTests.swift */,
				867AF78F203F5B3800F30818 /* MainRouterTests.swift */,
				867AF793203F638C00F30818 /* ListingPresenterTests.swift */,
				867AF7A5203F815400F30818 /* ListingControllerTests.swift */,
				867AF7AC203F99D400F30818 /* CairRepairTests.swift */,
				86EAB5112041ADA20078594C /* DetailPresenterTests.swift */,
			);
			path = AppChallengeTests;
			sourceTree = "<group>";
		};
		8685EB0F203E3BA30038FE64 /* AppChallengeUITests */ = {
			isa = PBXGroup;
			children = (
				86AAE0BD203E43F600B11662 /* SnapshotHelper.swift */,
				8685EB10203E3BA30038FE64 /* AppChallengeUITests.swift */,
				86FD3B8620422DEF0074D58C /* ListingUITests.swift */,
				8685EB12203E3BA30038FE64 /* Info.plist */,
			);
			path = AppChallengeUITests;
			sourceTree = "<group>";
		};
		86AAE0A8203E3F7B00B11662 /* ViewControllers */ = {
			isa = PBXGroup;
			children = (
				86AAE0B0203E411200B11662 /* ListingController.swift */,
				8667C4F32041840300D8E8A1 /* DetailController.swift */,
			);
			path = ViewControllers;
			sourceTree = "<group>";
		};
		86AAE0A9203E3F9800B11662 /* Interactors */ = {
			isa = PBXGroup;
			children = (
				86AAE0B2203E41B200B11662 /* PlacesInteractor.swift */,
			);
			path = Interactors;
			sourceTree = "<group>";
		};
		86AAE0AA203E3FA800B11662 /* Presenters */ = {
			isa = PBXGroup;
			children = (
				86AAE0B4203E41F400B11662 /* ListingPresenter.swift */,
				86AAE0B6203E420300B11662 /* DetailPresenter.swift */,
				867AF791203F60C200F30818 /* ViewControllerProtocols.swift */,
			);
			path = Presenters;
			sourceTree = "<group>";
		};
		86AAE0AB203E3FBB00B11662 /* Entities */ = {
			isa = PBXGroup;
			children = (
				86AAE0B8203E420D00B11662 /* CarRepairCard.swift */,
				8667C4FB2041A0B800D8E8A1 /* CardRepair.swift */,
				8667C4F720419EB700D8E8A1 /* Review.swift */,
			);
			path = Entities;
			sourceTree = "<group>";
		};
		86AAE0AC203E3FD100B11662 /* Routes */ = {
			isa = PBXGroup;
			children = (
				86AAE0BB203E422C00B11662 /* MainRouter.swift */,
			);
			path = Routes;
			sourceTree = "<group>";
		};
		86AAE0AD203E403500B11662 /* Views */ = {
			isa = PBXGroup;
			children = (
				8685EAF4203E3BA30038FE64 /* Main.storyboard */,
				8685EAF9203E3BA30038FE64 /* LaunchScreen.storyboard */,
			);
			name = Views;
			sourceTree = "<group>";
		};
		86AAE0AF203E407000B11662 /* ApplicationBase */ = {
			isa = PBXGroup;
			children = (
				8685EAF0203E3BA30038FE64 /* AppDelegate.swift */,
				8685EAFC203E3BA30038FE64 /* Info.plist */,
				867AF7A7203F83D700F30818 /* Configuration.plist */,
			);
			name = ApplicationBase;
			sourceTree = "<group>";
		};
		86AAE0C1203E452200B11662 /* Documentation */ = {
			isa = PBXGroup;
			children = (
				86AAE0C4203E454A00B11662 /* Appfile */,
				86AAE0C5203E454A00B11662 /* Fastfile */,
				86AAE0C6203E454A00B11662 /* Snapfile */,
			);
			name = Documentation;
			sourceTree = "<group>";
		};
		86FD3B8320421CE90074D58C /* Cells */ = {
			isa = PBXGroup;
			children = (
				86FD3B8420421D070074D58C /* CardCell.swift */,
				864AA3742042FB8100840E62 /* ReviewAddressCell.swift */,
				864AA3762042FB9000840E62 /* ReviewRatingsCell.swift */,
				864AA37A2042FBE000840E62 /* ReviewTextCell.swift */,
			);
			path = Cells;
			sourceTree = "<group>";
		};
		B9CC12575C8D023677159C73 /* Pods */ = {
			isa = PBXGroup;
			children = (
				99D954A1B59A8826EC530365 /* Pods-AppChallenge.debug.xcconfig */,
				3FE0B6D6FFB72628BE223913 /* Pods-AppChallenge.release.xcconfig */,
				07D1D676919C402E45747965 /* Pods-AppChallengeTests.debug.xcconfig */,
				A03E7AF21374951B03355AEA /* Pods-AppChallengeTests.release.xcconfig */,
				5308EBF788BBF81B34C026CF /* Pods-AppChallengeUITests.debug.xcconfig */,
				B81CC93A1B0FC4EF056463C8 /* Pods-AppChallengeUITests.release.xcconfig */,
				3454BE68813028C987C25D7F /* Pods-AppChallenge-AppChallengeTests.debug.xcconfig */,
				6590D3B889D5D1E1279F6F84 /* Pods-AppChallenge-AppChallengeTests.release.xcconfig */,
				03980F9926901A3E8B311411 /* Pods-AppChallenge-AppChallengeUITests.debug.xcconfig */,
				8F859F90E9FB5FF86F09D52C /* Pods-AppChallenge-AppChallengeUITests.release.xcconfig */,
			);
			name = Pods;
			sourceTree = "<group>";
		};
/* End PBXGroup section */

/* Begin PBXNativeTarget section */
		8685EAEC203E3BA30038FE64 /* AppChallenge */ = {
			isa = PBXNativeTarget;
			buildConfigurationList = 8685EB15203E3BA30038FE64 /* Build configuration list for PBXNativeTarget "AppChallenge" */;
			buildPhases = (
				59B97A5979A278315962335E /* [CP] Check Pods Manifest.lock */,
				8685EAE9203E3BA30038FE64 /* Sources */,
				8685EAEA203E3BA30038FE64 /* Frameworks */,
				8685EAEB203E3BA30038FE64 /* Resources */,
				1E096A4A74E0D92C26253C26 /* [CP] Embed Pods Frameworks */,
				7142A4BE03608DEFC1920933 /* [CP] Copy Pods Resources */,
			);
			buildRules = (
			);
			dependencies = (
			);
			name = AppChallenge;
			productName = AppChallenge;
			productReference = 8685EAED203E3BA30038FE64 /* AppChallenge.app */;
			productType = "com.apple.product-type.application";
		};
		8685EB00203E3BA30038FE64 /* AppChallengeTests */ = {
			isa = PBXNativeTarget;
			buildConfigurationList = 8685EB18203E3BA30038FE64 /* Build configuration list for PBXNativeTarget "AppChallengeTests" */;
			buildPhases = (
				DDA165F4CB1B73A23868C0D1 /* [CP] Check Pods Manifest.lock */,
				8685EAFD203E3BA30038FE64 /* Sources */,
				8685EAFE203E3BA30038FE64 /* Frameworks */,
				8685EAFF203E3BA30038FE64 /* Resources */,
				11C6097670F3E67331D30FE2 /* [CP] Embed Pods Frameworks */,
				CB19D798F21F37350F23BB8F /* [CP] Copy Pods Resources */,
			);
			buildRules = (
			);
			dependencies = (
				8685EB03203E3BA30038FE64 /* PBXTargetDependency */,
			);
			name = AppChallengeTests;
			productName = AppChallengeTests;
			productReference = 8685EB01203E3BA30038FE64 /* AppChallengeTests.xctest */;
			productType = "com.apple.product-type.bundle.unit-test";
		};
		8685EB0B203E3BA30038FE64 /* AppChallengeUITests */ = {
			isa = PBXNativeTarget;
			buildConfigurationList = 8685EB1B203E3BA30038FE64 /* Build configuration list for PBXNativeTarget "AppChallengeUITests" */;
			buildPhases = (
				6E0FA9323F679C94D8F23CDD /* [CP] Check Pods Manifest.lock */,
				8685EB08203E3BA30038FE64 /* Sources */,
				8685EB09203E3BA30038FE64 /* Frameworks */,
				8685EB0A203E3BA30038FE64 /* Resources */,
				F49D95E30E947FD57F464EAB /* [CP] Embed Pods Frameworks */,
				2B6C43708D73FA5DCB40F8C0 /* [CP] Copy Pods Resources */,
			);
			buildRules = (
			);
			dependencies = (
				8685EB0E203E3BA30038FE64 /* PBXTargetDependency */,
			);
			name = AppChallengeUITests;
			productName = AppChallengeUITests;
			productReference = 8685EB0C203E3BA30038FE64 /* AppChallengeUITests.xctest */;
			productType = "com.apple.product-type.bundle.ui-testing";
		};
/* End PBXNativeTarget section */

/* Begin PBXProject section */
		8685EAE5203E3BA30038FE64 /* Project object */ = {
			isa = PBXProject;
			attributes = {
				LastSwiftUpdateCheck = 0920;
				LastUpgradeCheck = 0920;
				ORGANIZATIONNAME = "Julio Fernandes";
				TargetAttributes = {
					8685EAEC203E3BA30038FE64 = {
						CreatedOnToolsVersion = 9.2;
						ProvisioningStyle = Automatic;
					};
					8685EB00203E3BA30038FE64 = {
						CreatedOnToolsVersion = 9.2;
						ProvisioningStyle = Automatic;
						TestTargetID = 8685EAEC203E3BA30038FE64;
					};
					8685EB0B203E3BA30038FE64 = {
						CreatedOnToolsVersion = 9.2;
						ProvisioningStyle = Automatic;
						TestTargetID = 8685EAEC203E3BA30038FE64;
					};
				};
			};
			buildConfigurationList = 8685EAE8203E3BA30038FE64 /* Build configuration list for PBXProject "AppChallenge" */;
			compatibilityVersion = "Xcode 8.0";
			developmentRegion = en;
			hasScannedForEncodings = 0;
			knownRegions = (
				en,
				Base,
			);
			mainGroup = 8685EAE4203E3BA30038FE64;
			productRefGroup = 8685EAEE203E3BA30038FE64 /* Products */;
			projectDirPath = "";
			projectRoot = "";
			targets = (
				8685EAEC203E3BA30038FE64 /* AppChallenge */,
				8685EB00203E3BA30038FE64 /* AppChallengeTests */,
				8685EB0B203E3BA30038FE64 /* AppChallengeUITests */,
			);
		};
/* End PBXProject section */

/* Begin PBXResourcesBuildPhase section */
		8685EAEB203E3BA30038FE64 /* Resources */ = {
			isa = PBXResourcesBuildPhase;
			buildActionMask = 2147483647;
			files = (
				864AA3862043336100840E62 /* UIBaseViewController+loading.xib in Resources */,
				8685EAFB203E3BA30038FE64 /* LaunchScreen.storyboard in Resources */,
				867AF7A8203F83D700F30818 /* Configuration.plist in Resources */,
				867AF7B2203FA5E300F30818 /* listing in Resources */,
				864AA3872043336100840E62 /* UIBaseViewController+network.xib in Resources */,
				864AA3882043336100840E62 /* UIBaseViewController+exceptions.xib in Resources */,
				8667C4EF20417EDC00D8E8A1 /* detail in Resources */,
				8685EAF8203E3BA30038FE64 /* Assets.xcassets in Resources */,
				8685EAF6203E3BA30038FE64 /* Main.storyboard in Resources */,
			);
			runOnlyForDeploymentPostprocessing = 0;
		};
		8685EAFF203E3BA30038FE64 /* Resources */ = {
			isa = PBXResourcesBuildPhase;
			buildActionMask = 2147483647;
			files = (
			);
			runOnlyForDeploymentPostprocessing = 0;
		};
		8685EB0A203E3BA30038FE64 /* Resources */ = {
			isa = PBXResourcesBuildPhase;
			buildActionMask = 2147483647;
			files = (
				86AAE0C9203E454A00B11662 /* Snapfile in Resources */,
				86AAE0C8203E454A00B11662 /* Fastfile in Resources */,
				86AAE0C7203E454A00B11662 /* Appfile in Resources */,
			);
			runOnlyForDeploymentPostprocessing = 0;
		};
/* End PBXResourcesBuildPhase section */

/* Begin PBXShellScriptBuildPhase section */
		11C6097670F3E67331D30FE2 /* [CP] Embed Pods Frameworks */ = {
			isa = PBXShellScriptBuildPhase;
			buildActionMask = 2147483647;
			files = (
			);
			inputPaths = (
				"${SRCROOT}/Pods/Target Support Files/Pods-AppChallenge-AppChallengeTests/Pods-AppChallenge-AppChallengeTests-frameworks.sh",
				"${BUILT_PRODUCTS_DIR}/Alamofire/Alamofire.framework",
				"${BUILT_PRODUCTS_DIR}/ConfigurationProvider/ConfigurationProvider.framework",
				"${BUILT_PRODUCTS_DIR}/ModelMapper/Mapper.framework",
				"${BUILT_PRODUCTS_DIR}/Nuke/Nuke.framework",
			);
			name = "[CP] Embed Pods Frameworks";
			outputPaths = (
				"${TARGET_BUILD_DIR}/${FRAMEWORKS_FOLDER_PATH}/Alamofire.framework",
				"${TARGET_BUILD_DIR}/${FRAMEWORKS_FOLDER_PATH}/ConfigurationProvider.framework",
				"${TARGET_BUILD_DIR}/${FRAMEWORKS_FOLDER_PATH}/Mapper.framework",
				"${TARGET_BUILD_DIR}/${FRAMEWORKS_FOLDER_PATH}/Nuke.framework",
			);
			runOnlyForDeploymentPostprocessing = 0;
			shellPath = /bin/sh;
			shellScript = "\"${SRCROOT}/Pods/Target Support Files/Pods-AppChallenge-AppChallengeTests/Pods-AppChallenge-AppChallengeTests-frameworks.sh\"\n";
			showEnvVarsInLog = 0;
		};
		1E096A4A74E0D92C26253C26 /* [CP] Embed Pods Frameworks */ = {
			isa = PBXShellScriptBuildPhase;
			buildActionMask = 2147483647;
			files = (
			);
			inputPaths = (
				"${SRCROOT}/Pods/Target Support Files/Pods-AppChallenge/Pods-AppChallenge-frameworks.sh",
				"${BUILT_PRODUCTS_DIR}/Alamofire/Alamofire.framework",
				"${BUILT_PRODUCTS_DIR}/ConfigurationProvider/ConfigurationProvider.framework",
				"${BUILT_PRODUCTS_DIR}/ModelMapper/Mapper.framework",
				"${BUILT_PRODUCTS_DIR}/Nuke/Nuke.framework",
			);
			name = "[CP] Embed Pods Frameworks";
			outputPaths = (
				"${TARGET_BUILD_DIR}/${FRAMEWORKS_FOLDER_PATH}/Alamofire.framework",
				"${TARGET_BUILD_DIR}/${FRAMEWORKS_FOLDER_PATH}/ConfigurationProvider.framework",
				"${TARGET_BUILD_DIR}/${FRAMEWORKS_FOLDER_PATH}/Mapper.framework",
				"${TARGET_BUILD_DIR}/${FRAMEWORKS_FOLDER_PATH}/Nuke.framework",
			);
			runOnlyForDeploymentPostprocessing = 0;
			shellPath = /bin/sh;
			shellScript = "\"${SRCROOT}/Pods/Target Support Files/Pods-AppChallenge/Pods-AppChallenge-frameworks.sh\"\n";
			showEnvVarsInLog = 0;
		};
		2B6C43708D73FA5DCB40F8C0 /* [CP] Copy Pods Resources */ = {
			isa = PBXShellScriptBuildPhase;
			buildActionMask = 2147483647;
			files = (
			);
			inputPaths = (
			);
			name = "[CP] Copy Pods Resources";
			outputPaths = (
			);
			runOnlyForDeploymentPostprocessing = 0;
			shellPath = /bin/sh;
			shellScript = "\"${SRCROOT}/Pods/Target Support Files/Pods-AppChallenge-AppChallengeUITests/Pods-AppChallenge-AppChallengeUITests-resources.sh\"\n";
			showEnvVarsInLog = 0;
		};
		59B97A5979A278315962335E /* [CP] Check Pods Manifest.lock */ = {
			isa = PBXShellScriptBuildPhase;
			buildActionMask = 2147483647;
			files = (
			);
			inputPaths = (
				"${PODS_PODFILE_DIR_PATH}/Podfile.lock",
				"${PODS_ROOT}/Manifest.lock",
			);
			name = "[CP] Check Pods Manifest.lock";
			outputPaths = (
				"$(DERIVED_FILE_DIR)/Pods-AppChallenge-checkManifestLockResult.txt",
			);
			runOnlyForDeploymentPostprocessing = 0;
			shellPath = /bin/sh;
			shellScript = "diff \"${PODS_PODFILE_DIR_PATH}/Podfile.lock\" \"${PODS_ROOT}/Manifest.lock\" > /dev/null\nif [ $? != 0 ] ; then\n    # print error to STDERR\n    echo \"error: The sandbox is not in sync with the Podfile.lock. Run 'pod install' or update your CocoaPods installation.\" >&2\n    exit 1\nfi\n# This output is used by Xcode 'outputs' to avoid re-running this script phase.\necho \"SUCCESS\" > \"${SCRIPT_OUTPUT_FILE_0}\"\n";
			showEnvVarsInLog = 0;
		};
		6E0FA9323F679C94D8F23CDD /* [CP] Check Pods Manifest.lock */ = {
			isa = PBXShellScriptBuildPhase;
			buildActionMask = 2147483647;
			files = (
			);
			inputPaths = (
				"${PODS_PODFILE_DIR_PATH}/Podfile.lock",
				"${PODS_ROOT}/Manifest.lock",
			);
			name = "[CP] Check Pods Manifest.lock";
			outputPaths = (
				"$(DERIVED_FILE_DIR)/Pods-AppChallenge-AppChallengeUITests-checkManifestLockResult.txt",
			);
			runOnlyForDeploymentPostprocessing = 0;
			shellPath = /bin/sh;
			shellScript = "diff \"${PODS_PODFILE_DIR_PATH}/Podfile.lock\" \"${PODS_ROOT}/Manifest.lock\" > /dev/null\nif [ $? != 0 ] ; then\n    # print error to STDERR\n    echo \"error: The sandbox is not in sync with the Podfile.lock. Run 'pod install' or update your CocoaPods installation.\" >&2\n    exit 1\nfi\n# This output is used by Xcode 'outputs' to avoid re-running this script phase.\necho \"SUCCESS\" > \"${SCRIPT_OUTPUT_FILE_0}\"\n";
			showEnvVarsInLog = 0;
		};
		7142A4BE03608DEFC1920933 /* [CP] Copy Pods Resources */ = {
			isa = PBXShellScriptBuildPhase;
			buildActionMask = 2147483647;
			files = (
			);
			inputPaths = (
			);
			name = "[CP] Copy Pods Resources";
			outputPaths = (
			);
			runOnlyForDeploymentPostprocessing = 0;
			shellPath = /bin/sh;
			shellScript = "\"${SRCROOT}/Pods/Target Support Files/Pods-AppChallenge/Pods-AppChallenge-resources.sh\"\n";
			showEnvVarsInLog = 0;
		};
		CB19D798F21F37350F23BB8F /* [CP] Copy Pods Resources */ = {
			isa = PBXShellScriptBuildPhase;
			buildActionMask = 2147483647;
			files = (
			);
			inputPaths = (
			);
			name = "[CP] Copy Pods Resources";
			outputPaths = (
			);
			runOnlyForDeploymentPostprocessing = 0;
			shellPath = /bin/sh;
			shellScript = "\"${SRCROOT}/Pods/Target Support Files/Pods-AppChallenge-AppChallengeTests/Pods-AppChallenge-AppChallengeTests-resources.sh\"\n";
			showEnvVarsInLog = 0;
		};
		DDA165F4CB1B73A23868C0D1 /* [CP] Check Pods Manifest.lock */ = {
			isa = PBXShellScriptBuildPhase;
			buildActionMask = 2147483647;
			files = (
			);
			inputPaths = (
				"${PODS_PODFILE_DIR_PATH}/Podfile.lock",
				"${PODS_ROOT}/Manifest.lock",
			);
			name = "[CP] Check Pods Manifest.lock";
			outputPaths = (
				"$(DERIVED_FILE_DIR)/Pods-AppChallenge-AppChallengeTests-checkManifestLockResult.txt",
			);
			runOnlyForDeploymentPostprocessing = 0;
			shellPath = /bin/sh;
			shellScript = "diff \"${PODS_PODFILE_DIR_PATH}/Podfile.lock\" \"${PODS_ROOT}/Manifest.lock\" > /dev/null\nif [ $? != 0 ] ; then\n    # print error to STDERR\n    echo \"error: The sandbox is not in sync with the Podfile.lock. Run 'pod install' or update your CocoaPods installation.\" >&2\n    exit 1\nfi\n# This output is used by Xcode 'outputs' to avoid re-running this script phase.\necho \"SUCCESS\" > \"${SCRIPT_OUTPUT_FILE_0}\"\n";
			showEnvVarsInLog = 0;
		};
		F49D95E30E947FD57F464EAB /* [CP] Embed Pods Frameworks */ = {
			isa = PBXShellScriptBuildPhase;
			buildActionMask = 2147483647;
			files = (
			);
			inputPaths = (
				"${SRCROOT}/Pods/Target Support Files/Pods-AppChallenge-AppChallengeUITests/Pods-AppChallenge-AppChallengeUITests-frameworks.sh",
				"${BUILT_PRODUCTS_DIR}/Alamofire/Alamofire.framework",
				"${BUILT_PRODUCTS_DIR}/ConfigurationProvider/ConfigurationProvider.framework",
				"${BUILT_PRODUCTS_DIR}/ModelMapper/Mapper.framework",
				"${BUILT_PRODUCTS_DIR}/Nuke/Nuke.framework",
			);
			name = "[CP] Embed Pods Frameworks";
			outputPaths = (
				"${TARGET_BUILD_DIR}/${FRAMEWORKS_FOLDER_PATH}/Alamofire.framework",
				"${TARGET_BUILD_DIR}/${FRAMEWORKS_FOLDER_PATH}/ConfigurationProvider.framework",
				"${TARGET_BUILD_DIR}/${FRAMEWORKS_FOLDER_PATH}/Mapper.framework",
				"${TARGET_BUILD_DIR}/${FRAMEWORKS_FOLDER_PATH}/Nuke.framework",
			);
			runOnlyForDeploymentPostprocessing = 0;
			shellPath = /bin/sh;
			shellScript = "\"${SRCROOT}/Pods/Target Support Files/Pods-AppChallenge-AppChallengeUITests/Pods-AppChallenge-AppChallengeUITests-frameworks.sh\"\n";
			showEnvVarsInLog = 0;
		};
/* End PBXShellScriptBuildPhase section */

/* Begin PBXSourcesBuildPhase section */
		8685EAE9203E3BA30038FE64 /* Sources */ = {
			isa = PBXSourcesBuildPhase;
			buildActionMask = 2147483647;
			files = (
				8667C4F2204180BD00D8E8A1 /* CLLocationCoordinate2D+Helpers.swift in Sources */,
				867AF7AB203F873B00F30818 /* ServiceAPI.swift in Sources */,
				864AA38220430EDB00840E62 /* TableViewManagerCache.swift in Sources */,
				86AAE0B1203E411200B11662 /* ListingController.swift in Sources */,
				864AA3772042FB9000840E62 /* ReviewRatingsCell.swift in Sources */,
				86AAE0BC203E422C00B11662 /* MainRouter.swift in Sources */,
				8667C4F42041840300D8E8A1 /* DetailController.swift in Sources */,
				86FD3B8520421D070074D58C /* CardCell.swift in Sources */,
				86AAE0B3203E41B200B11662 /* PlacesInteractor.swift in Sources */,
				864AA38120430EDB00840E62 /* TableViewManager.swift in Sources */,
				8667C4FC2041A0B800D8E8A1 /* CardRepair.swift in Sources */,
				86AAE0B9203E420D00B11662 /* CarRepairCard.swift in Sources */,
				867AF7A4203F783600F30818 /* UIBaseViewController.swift in Sources */,
				8667C4F820419EB700D8E8A1 /* Review.swift in Sources */,
				864AA37B2042FBE000840E62 /* ReviewTextCell.swift in Sources */,
				8685EAF1203E3BA30038FE64 /* AppDelegate.swift in Sources */,
				86AAE0B7203E420300B11662 /* DetailPresenter.swift in Sources */,
				86AAE0B5203E41F400B11662 /* ListingPresenter.swift in Sources */,
				864AA3752042FB8100840E62 /* ReviewAddressCell.swift in Sources */,
				867AF792203F60C200F30818 /* ViewControllerProtocols.swift in Sources */,
			);
			runOnlyForDeploymentPostprocessing = 0;
		};
		8685EAFD203E3BA30038FE64 /* Sources */ = {
			isa = PBXSourcesBuildPhase;
			buildActionMask = 2147483647;
			files = (
				867AF7A6203F815400F30818 /* ListingControllerTests.swift in Sources */,
				867AF794203F638C00F30818 /* ListingPresenterTests.swift in Sources */,
				867AF7AD203F99D400F30818 /* CairRepairTests.swift in Sources */,
				86EAB5122041ADA20078594C /* DetailPresenterTests.swift in Sources */,
				8685EB06203E3BA30038FE64 /* AppChallengeTests.swift in Sources */,
				867AF790203F5B3800F30818 /* MainRouterTests.swift in Sources */,
			);
			runOnlyForDeploymentPostprocessing = 0;
		};
		8685EB08203E3BA30038FE64 /* Sources */ = {
			isa = PBXSourcesBuildPhase;
			buildActionMask = 2147483647;
			files = (
				8685EB11203E3BA30038FE64 /* AppChallengeUITests.swift in Sources */,
				86FD3B8720422DEF0074D58C /* ListingUITests.swift in Sources */,
				86AAE0BE203E43F600B11662 /* SnapshotHelper.swift in Sources */,
			);
			runOnlyForDeploymentPostprocessing = 0;
		};
/* End PBXSourcesBuildPhase section */

/* Begin PBXTargetDependency section */
		8685EB03203E3BA30038FE64 /* PBXTargetDependency */ = {
			isa = PBXTargetDependency;
			target = 8685EAEC203E3BA30038FE64 /* AppChallenge */;
			targetProxy = 8685EB02203E3BA30038FE64 /* PBXContainerItemProxy */;
		};
		8685EB0E203E3BA30038FE64 /* PBXTargetDependency */ = {
			isa = PBXTargetDependency;
			target = 8685EAEC203E3BA30038FE64 /* AppChallenge */;
			targetProxy = 8685EB0D203E3BA30038FE64 /* PBXContainerItemProxy */;
		};
/* End PBXTargetDependency section */

/* Begin PBXVariantGroup section */
		8685EAF4203E3BA30038FE64 /* Main.storyboard */ = {
			isa = PBXVariantGroup;
			children = (
				8685EAF5203E3BA30038FE64 /* Base */,
			);
			name = Main.storyboard;
			sourceTree = "<group>";
		};
		8685EAF9203E3BA30038FE64 /* LaunchScreen.storyboard */ = {
			isa = PBXVariantGroup;
			children = (
				8685EAFA203E3BA30038FE64 /* Base */,
			);
			name = LaunchScreen.storyboard;
			sourceTree = "<group>";
		};
/* End PBXVariantGroup section */

/* Begin XCBuildConfiguration section */
		8685EB13203E3BA30038FE64 /* Debug */ = {
			isa = XCBuildConfiguration;
			buildSettings = {
				ALWAYS_SEARCH_USER_PATHS = NO;
				CLANG_ANALYZER_NONNULL = YES;
				CLANG_ANALYZER_NUMBER_OBJECT_CONVERSION = YES_AGGRESSIVE;
				CLANG_CXX_LANGUAGE_STANDARD = "gnu++14";
				CLANG_CXX_LIBRARY = "libc++";
				CLANG_ENABLE_MODULES = YES;
				CLANG_ENABLE_OBJC_ARC = YES;
				CLANG_WARN_BLOCK_CAPTURE_AUTORELEASING = YES;
				CLANG_WARN_BOOL_CONVERSION = YES;
				CLANG_WARN_COMMA = YES;
				CLANG_WARN_CONSTANT_CONVERSION = YES;
				CLANG_WARN_DIRECT_OBJC_ISA_USAGE = YES_ERROR;
				CLANG_WARN_DOCUMENTATION_COMMENTS = YES;
				CLANG_WARN_EMPTY_BODY = YES;
				CLANG_WARN_ENUM_CONVERSION = YES;
				CLANG_WARN_INFINITE_RECURSION = YES;
				CLANG_WARN_INT_CONVERSION = YES;
				CLANG_WARN_NON_LITERAL_NULL_CONVERSION = YES;
				CLANG_WARN_OBJC_LITERAL_CONVERSION = YES;
				CLANG_WARN_OBJC_ROOT_CLASS = YES_ERROR;
				CLANG_WARN_RANGE_LOOP_ANALYSIS = YES;
				CLANG_WARN_STRICT_PROTOTYPES = YES;
				CLANG_WARN_SUSPICIOUS_MOVE = YES;
				CLANG_WARN_UNGUARDED_AVAILABILITY = YES_AGGRESSIVE;
				CLANG_WARN_UNREACHABLE_CODE = YES;
				CLANG_WARN__DUPLICATE_METHOD_MATCH = YES;
				CODE_SIGN_IDENTITY = "iPhone Developer";
				COPY_PHASE_STRIP = NO;
				DEBUG_INFORMATION_FORMAT = dwarf;
				ENABLE_STRICT_OBJC_MSGSEND = YES;
				ENABLE_TESTABILITY = YES;
				GCC_C_LANGUAGE_STANDARD = gnu11;
				GCC_DYNAMIC_NO_PIC = NO;
				GCC_NO_COMMON_BLOCKS = YES;
				GCC_OPTIMIZATION_LEVEL = 0;
				GCC_PREPROCESSOR_DEFINITIONS = (
					"DEBUG=1",
					"$(inherited)",
				);
				GCC_WARN_64_TO_32_BIT_CONVERSION = YES;
				GCC_WARN_ABOUT_RETURN_TYPE = YES_ERROR;
				GCC_WARN_UNDECLARED_SELECTOR = YES;
				GCC_WARN_UNINITIALIZED_AUTOS = YES_AGGRESSIVE;
				GCC_WARN_UNUSED_FUNCTION = YES;
				GCC_WARN_UNUSED_VARIABLE = YES;
				IPHONEOS_DEPLOYMENT_TARGET = 11.2;
				MTL_ENABLE_DEBUG_INFO = YES;
				ONLY_ACTIVE_ARCH = YES;
				SDKROOT = iphoneos;
				SWIFT_ACTIVE_COMPILATION_CONDITIONS = DEBUG;
				SWIFT_OPTIMIZATION_LEVEL = "-Onone";
			};
			name = Debug;
		};
		8685EB14203E3BA30038FE64 /* Release */ = {
			isa = XCBuildConfiguration;
			buildSettings = {
				ALWAYS_SEARCH_USER_PATHS = NO;
				CLANG_ANALYZER_NONNULL = YES;
				CLANG_ANALYZER_NUMBER_OBJECT_CONVERSION = YES_AGGRESSIVE;
				CLANG_CXX_LANGUAGE_STANDARD = "gnu++14";
				CLANG_CXX_LIBRARY = "libc++";
				CLANG_ENABLE_MODULES = YES;
				CLANG_ENABLE_OBJC_ARC = YES;
				CLANG_WARN_BLOCK_CAPTURE_AUTORELEASING = YES;
				CLANG_WARN_BOOL_CONVERSION = YES;
				CLANG_WARN_COMMA = YES;
				CLANG_WARN_CONSTANT_CONVERSION = YES;
				CLANG_WARN_DIRECT_OBJC_ISA_USAGE = YES_ERROR;
				CLANG_WARN_DOCUMENTATION_COMMENTS = YES;
				CLANG_WARN_EMPTY_BODY = YES;
				CLANG_WARN_ENUM_CONVERSION = YES;
				CLANG_WARN_INFINITE_RECURSION = YES;
				CLANG_WARN_INT_CONVERSION = YES;
				CLANG_WARN_NON_LITERAL_NULL_CONVERSION = YES;
				CLANG_WARN_OBJC_LITERAL_CONVERSION = YES;
				CLANG_WARN_OBJC_ROOT_CLASS = YES_ERROR;
				CLANG_WARN_RANGE_LOOP_ANALYSIS = YES;
				CLANG_WARN_STRICT_PROTOTYPES = YES;
				CLANG_WARN_SUSPICIOUS_MOVE = YES;
				CLANG_WARN_UNGUARDED_AVAILABILITY = YES_AGGRESSIVE;
				CLANG_WARN_UNREACHABLE_CODE = YES;
				CLANG_WARN__DUPLICATE_METHOD_MATCH = YES;
				CODE_SIGN_IDENTITY = "iPhone Developer";
				COPY_PHASE_STRIP = NO;
				DEBUG_INFORMATION_FORMAT = "dwarf-with-dsym";
				ENABLE_NS_ASSERTIONS = NO;
				ENABLE_STRICT_OBJC_MSGSEND = YES;
				GCC_C_LANGUAGE_STANDARD = gnu11;
				GCC_NO_COMMON_BLOCKS = YES;
				GCC_WARN_64_TO_32_BIT_CONVERSION = YES;
				GCC_WARN_ABOUT_RETURN_TYPE = YES_ERROR;
				GCC_WARN_UNDECLARED_SELECTOR = YES;
				GCC_WARN_UNINITIALIZED_AUTOS = YES_AGGRESSIVE;
				GCC_WARN_UNUSED_FUNCTION = YES;
				GCC_WARN_UNUSED_VARIABLE = YES;
				IPHONEOS_DEPLOYMENT_TARGET = 11.2;
				MTL_ENABLE_DEBUG_INFO = NO;
				SDKROOT = iphoneos;
				SWIFT_OPTIMIZATION_LEVEL = "-Owholemodule";
				VALIDATE_PRODUCT = YES;
			};
			name = Release;
		};
		8685EB16203E3BA30038FE64 /* Debug */ = {
			isa = XCBuildConfiguration;
			baseConfigurationReference = 8667C4F52041894200D8E8A1 /* Debug.xcconfig */;
			buildSettings = {
				ASSETCATALOG_COMPILER_APPICON_NAME = AppIcon;
				CODE_SIGN_STYLE = Automatic;
				INFOPLIST_FILE = AppChallenge/Info.plist;
				LD_RUNPATH_SEARCH_PATHS = "$(inherited) @executable_path/Frameworks";
				PRODUCT_BUNDLE_IDENTIFIER = br.com.jjfernandes87.AppChallenge;
				PRODUCT_NAME = "$(TARGET_NAME)";
				SWIFT_VERSION = 4.0;
				TARGETED_DEVICE_FAMILY = "1,2";
			};
			name = Debug;
		};
		8685EB17203E3BA30038FE64 /* Release */ = {
			isa = XCBuildConfiguration;
			baseConfigurationReference = 8667C4F62041895300D8E8A1 /* Release.xcconfig */;
			buildSettings = {
				ASSETCATALOG_COMPILER_APPICON_NAME = AppIcon;
				CODE_SIGN_STYLE = Automatic;
				INFOPLIST_FILE = AppChallenge/Info.plist;
				LD_RUNPATH_SEARCH_PATHS = "$(inherited) @executable_path/Frameworks";
				PRODUCT_BUNDLE_IDENTIFIER = br.com.jjfernandes87.AppChallenge;
				PRODUCT_NAME = "$(TARGET_NAME)";
				SWIFT_VERSION = 4.0;
				TARGETED_DEVICE_FAMILY = "1,2";
			};
			name = Release;
		};
		8685EB19203E3BA30038FE64 /* Debug */ = {
			isa = XCBuildConfiguration;
			baseConfigurationReference = 3454BE68813028C987C25D7F /* Pods-AppChallenge-AppChallengeTests.debug.xcconfig */;
			buildSettings = {
				ALWAYS_EMBED_SWIFT_STANDARD_LIBRARIES = YES;
				BUNDLE_LOADER = "$(TEST_HOST)";
				CODE_SIGN_STYLE = Automatic;
				INFOPLIST_FILE = AppChallengeTests/Info.plist;
				LD_RUNPATH_SEARCH_PATHS = "$(inherited) @executable_path/Frameworks @loader_path/Frameworks";
				PRODUCT_BUNDLE_IDENTIFIER = br.com.jjfernandes87.AppChallengeTests;
				PRODUCT_NAME = "$(TARGET_NAME)";
				SWIFT_VERSION = 4.0;
				TARGETED_DEVICE_FAMILY = "1,2";
				TEST_HOST = "$(BUILT_PRODUCTS_DIR)/AppChallenge.app/AppChallenge";
			};
			name = Debug;
		};
		8685EB1A203E3BA30038FE64 /* Release */ = {
			isa = XCBuildConfiguration;
			baseConfigurationReference = 6590D3B889D5D1E1279F6F84 /* Pods-AppChallenge-AppChallengeTests.release.xcconfig */;
			buildSettings = {
				ALWAYS_EMBED_SWIFT_STANDARD_LIBRARIES = YES;
				BUNDLE_LOADER = "$(TEST_HOST)";
				CODE_SIGN_STYLE = Automatic;
				INFOPLIST_FILE = AppChallengeTests/Info.plist;
				LD_RUNPATH_SEARCH_PATHS = "$(inherited) @executable_path/Frameworks @loader_path/Frameworks";
				PRODUCT_BUNDLE_IDENTIFIER = br.com.jjfernandes87.AppChallengeTests;
				PRODUCT_NAME = "$(TARGET_NAME)";
				SWIFT_VERSION = 4.0;
				TARGETED_DEVICE_FAMILY = "1,2";
				TEST_HOST = "$(BUILT_PRODUCTS_DIR)/AppChallenge.app/AppChallenge";
			};
			name = Release;
		};
		8685EB1C203E3BA30038FE64 /* Debug */ = {
			isa = XCBuildConfiguration;
			baseConfigurationReference = 03980F9926901A3E8B311411 /* Pods-AppChallenge-AppChallengeUITests.debug.xcconfig */;
			buildSettings = {
				ALWAYS_EMBED_SWIFT_STANDARD_LIBRARIES = YES;
				CODE_SIGN_STYLE = Automatic;
				INFOPLIST_FILE = AppChallengeUITests/Info.plist;
				LD_RUNPATH_SEARCH_PATHS = "$(inherited) @executable_path/Frameworks @loader_path/Frameworks";
				PRODUCT_BUNDLE_IDENTIFIER = br.com.jjfernandes87.AppChallengeUITests;
				PRODUCT_NAME = "$(TARGET_NAME)";
				SWIFT_VERSION = 4.0;
				TARGETED_DEVICE_FAMILY = "1,2";
				TEST_TARGET_NAME = AppChallenge;
			};
			name = Debug;
		};
		8685EB1D203E3BA30038FE64 /* Release */ = {
			isa = XCBuildConfiguration;
			baseConfigurationReference = 8F859F90E9FB5FF86F09D52C /* Pods-AppChallenge-AppChallengeUITests.release.xcconfig */;
			buildSettings = {
				ALWAYS_EMBED_SWIFT_STANDARD_LIBRARIES = YES;
				CODE_SIGN_STYLE = Automatic;
				INFOPLIST_FILE = AppChallengeUITests/Info.plist;
				LD_RUNPATH_SEARCH_PATHS = "$(inherited) @executable_path/Frameworks @loader_path/Frameworks";
				PRODUCT_BUNDLE_IDENTIFIER = br.com.jjfernandes87.AppChallengeUITests;
				PRODUCT_NAME = "$(TARGET_NAME)";
				SWIFT_VERSION = 4.0;
				TARGETED_DEVICE_FAMILY = "1,2";
				TEST_TARGET_NAME = AppChallenge;
			};
			name = Release;
		};
/* End XCBuildConfiguration section */

/* Begin XCConfigurationList section */
		8685EAE8203E3BA30038FE64 /* Build configuration list for PBXProject "AppChallenge" */ = {
			isa = XCConfigurationList;
			buildConfigurations = (
				8685EB13203E3BA30038FE64 /* Debug */,
				8685EB14203E3BA30038FE64 /* Release */,
			);
			defaultConfigurationIsVisible = 0;
			defaultConfigurationName = Release;
		};
		8685EB15203E3BA30038FE64 /* Build configuration list for PBXNativeTarget "AppChallenge" */ = {
			isa = XCConfigurationList;
			buildConfigurations = (
				8685EB16203E3BA30038FE64 /* Debug */,
				8685EB17203E3BA30038FE64 /* Release */,
			);
			defaultConfigurationIsVisible = 0;
			defaultConfigurationName = Release;
		};
		8685EB18203E3BA30038FE64 /* Build configuration list for PBXNativeTarget "AppChallengeTests" */ = {
			isa = XCConfigurationList;
			buildConfigurations = (
				8685EB19203E3BA30038FE64 /* Debug */,
				8685EB1A203E3BA30038FE64 /* Release */,
			);
			defaultConfigurationIsVisible = 0;
			defaultConfigurationName = Release;
		};
		8685EB1B203E3BA30038FE64 /* Build configuration list for PBXNativeTarget "AppChallengeUITests" */ = {
			isa = XCConfigurationList;
			buildConfigurations = (
				8685EB1C203E3BA30038FE64 /* Debug */,
				8685EB1D203E3BA30038FE64 /* Release */,
			);
			defaultConfigurationIsVisible = 0;
			defaultConfigurationName = Release;
		};
/* End XCConfigurationList section */
	};
	rootObject = 8685EAE5203E3BA30038FE64 /* Project object */;
}
